// !$*UTF8*$!
{
	archiveVersion = 1;
	classes = {
	};
	objectVersion = 50;
	objects = {

/* Begin PBXBuildFile section */
		80A5593624EE181500BC3CBA /* AppDelegate.swift in Sources */ = {isa = PBXBuildFile; fileRef = 80A5593524EE181500BC3CBA /* AppDelegate.swift */; };
		80A5593824EE181500BC3CBA /* SceneDelegate.swift in Sources */ = {isa = PBXBuildFile; fileRef = 80A5593724EE181500BC3CBA /* SceneDelegate.swift */; };
		80A5593A24EE181500BC3CBA /* ViewController.swift in Sources */ = {isa = PBXBuildFile; fileRef = 80A5593924EE181500BC3CBA /* ViewController.swift */; };
		80A5593D24EE181500BC3CBA /* Main.storyboard in Resources */ = {isa = PBXBuildFile; fileRef = 80A5593B24EE181500BC3CBA /* Main.storyboard */; };
		80A5594024EE181500BC3CBA /* CoreDataSample.xcdatamodeld in Sources */ = {isa = PBXBuildFile; fileRef = 80A5593E24EE181500BC3CBA /* CoreDataSample.xcdatamodeld */; };
		80A5594224EE181B00BC3CBA /* Assets.xcassets in Resources */ = {isa = PBXBuildFile; fileRef = 80A5594124EE181B00BC3CBA /* Assets.xcassets */; };
		80A5594524EE181B00BC3CBA /* LaunchScreen.storyboard in Resources */ = {isa = PBXBuildFile; fileRef = 80A5594324EE181B00BC3CBA /* LaunchScreen.storyboard */; };
		80A5595024EE181B00BC3CBA /* CoreDataSampleTests.swift in Sources */ = {isa = PBXBuildFile; fileRef = 80A5594F24EE181B00BC3CBA /* CoreDataSampleTests.swift */; };
		80A5595B24EE181B00BC3CBA /* CoreDataSampleUITests.swift in Sources */ = {isa = PBXBuildFile; fileRef = 80A5595A24EE181B00BC3CBA /* CoreDataSampleUITests.swift */; };
/* End PBXBuildFile section */

/* Begin PBXContainerItemProxy section */
		80A5594C24EE181B00BC3CBA /* PBXContainerItemProxy */ = {
			isa = PBXContainerItemProxy;
			containerPortal = 80A5592A24EE181500BC3CBA /* Project object */;
			proxyType = 1;
			remoteGlobalIDString = 80A5593124EE181500BC3CBA;
			remoteInfo = CoreDataSample;
		};
		80A5595724EE181B00BC3CBA /* PBXContainerItemProxy */ = {
			isa = PBXContainerItemProxy;
			containerPortal = 80A5592A24EE181500BC3CBA /* Project object */;
			proxyType = 1;
			remoteGlobalIDString = 80A5593124EE181500BC3CBA;
			remoteInfo = CoreDataSample;
		};
/* End PBXContainerItemProxy section */

/* Begin PBXFileReference section */
		80A5593224EE181500BC3CBA /* CoreDataSample.app */ = {isa = PBXFileReference; explicitFileType = wrapper.application; includeInIndex = 0; path = CoreDataSample.app; sourceTree = BUILT_PRODUCTS_DIR; };
		80A5593524EE181500BC3CBA /* AppDelegate.swift */ = {isa = PBXFileReference; lastKnownFileType = sourcecode.swift; path = AppDelegate.swift; sourceTree = "<group>"; };
		80A5593724EE181500BC3CBA /* SceneDelegate.swift */ = {isa = PBXFileReference; lastKnownFileType = sourcecode.swift; path = SceneDelegate.swift; sourceTree = "<group>"; };
		80A5593924EE181500BC3CBA /* ViewController.swift */ = {isa = PBXFileReference; lastKnownFileType = sourcecode.swift; path = ViewController.swift; sourceTree = "<group>"; };
		80A5593C24EE181500BC3CBA /* Base */ = {isa = PBXFileReference; lastKnownFileType = file.storyboard; name = Base; path = Base.lproj/Main.storyboard; sourceTree = "<group>"; };
		80A5593F24EE181500BC3CBA /* CoreDataSample.xcdatamodel */ = {isa = PBXFileReference; lastKnownFileType = wrapper.xcdatamodel; path = CoreDataSample.xcdatamodel; sourceTree = "<group>"; };
		80A5594124EE181B00BC3CBA /* Assets.xcassets */ = {isa = PBXFileReference; lastKnownFileType = folder.assetcatalog; path = Assets.xcassets; sourceTree = "<group>"; };
		80A5594424EE181B00BC3CBA /* Base */ = {isa = PBXFileReference; lastKnownFileType = file.storyboard; name = Base; path = Base.lproj/LaunchScreen.storyboard; sourceTree = "<group>"; };
		80A5594624EE181B00BC3CBA /* Info.plist */ = {isa = PBXFileReference; lastKnownFileType = text.plist.xml; path = Info.plist; sourceTree = "<group>"; };
		80A5594B24EE181B00BC3CBA /* CoreDataSampleTests.xctest */ = {isa = PBXFileReference; explicitFileType = wrapper.cfbundle; includeInIndex = 0; path = CoreDataSampleTests.xctest; sourceTree = BUILT_PRODUCTS_DIR; };
		80A5594F24EE181B00BC3CBA /* CoreDataSampleTests.swift */ = {isa = PBXFileReference; lastKnownFileType = sourcecode.swift; path = CoreDataSampleTests.swift; sourceTree = "<group>"; };
		80A5595124EE181B00BC3CBA /* Info.plist */ = {isa = PBXFileReference; lastKnownFileType = text.plist.xml; path = Info.plist; sourceTree = "<group>"; };
		80A5595624EE181B00BC3CBA /* CoreDataSampleUITests.xctest */ = {isa = PBXFileReference; explicitFileType = wrapper.cfbundle; includeInIndex = 0; path = CoreDataSampleUITests.xctest; sourceTree = BUILT_PRODUCTS_DIR; };
		80A5595A24EE181B00BC3CBA /* CoreDataSampleUITests.swift */ = {isa = PBXFileReference; lastKnownFileType = sourcecode.swift; path = CoreDataSampleUITests.swift; sourceTree = "<group>"; };
		80A5595C24EE181B00BC3CBA /* Info.plist */ = {isa = PBXFileReference; lastKnownFileType = text.plist.xml; path = Info.plist; sourceTree = "<group>"; };
/* End PBXFileReference section */

/* Begin PBXFrameworksBuildPhase section */
		80A5592F24EE181500BC3CBA /* Frameworks */ = {
			isa = PBXFrameworksBuildPhase;
			buildActionMask = 2147483647;
			files = (
			);
			runOnlyForDeploymentPostprocessing = 0;
		};
		80A5594824EE181B00BC3CBA /* Frameworks */ = {
			isa = PBXFrameworksBuildPhase;
			buildActionMask = 2147483647;
			files = (
			);
			runOnlyForDeploymentPostprocessing = 0;
		};
		80A5595324EE181B00BC3CBA /* Frameworks */ = {
			isa = PBXFrameworksBuildPhase;
			buildActionMask = 2147483647;
			files = (
			);
			runOnlyForDeploymentPostprocessing = 0;
		};
/* End PBXFrameworksBuildPhase section */

/* Begin PBXGroup section */
		80A5592924EE181400BC3CBA = {
			isa = PBXGroup;
			children = (
				80A5593424EE181500BC3CBA /* CoreDataSample */,
				80A5594E24EE181B00BC3CBA /* CoreDataSampleTests */,
				80A5595924EE181B00BC3CBA /* CoreDataSampleUITests */,
				80A5593324EE181500BC3CBA /* Products */,
			);
			sourceTree = "<group>";
		};
		80A5593324EE181500BC3CBA /* Products */ = {
			isa = PBXGroup;
			children = (
				80A5593224EE181500BC3CBA /* CoreDataSample.app */,
				80A5594B24EE181B00BC3CBA /* CoreDataSampleTests.xctest */,
				80A5595624EE181B00BC3CBA /* CoreDataSampleUITests.xctest */,
			);
			name = Products;
			sourceTree = "<group>";
		};
		80A5593424EE181500BC3CBA /* CoreDataSample */ = {
			isa = PBXGroup;
			children = (
				80A5593524EE181500BC3CBA /* AppDelegate.swift */,
				80A5593724EE181500BC3CBA /* SceneDelegate.swift */,
				80A5593924EE181500BC3CBA /* ViewController.swift */,
				80A5593B24EE181500BC3CBA /* Main.storyboard */,
				80A5594124EE181B00BC3CBA /* Assets.xcassets */,
				80A5594324EE181B00BC3CBA /* LaunchScreen.storyboard */,
				80A5594624EE181B00BC3CBA /* Info.plist */,
				80A5593E24EE181500BC3CBA /* CoreDataSample.xcdatamodeld */,
			);
			path = CoreDataSample;
			sourceTree = "<group>";
		};
		80A5594E24EE181B00BC3CBA /* CoreDataSampleTests */ = {
			isa = PBXGroup;
			children = (
				80A5594F24EE181B00BC3CBA /* CoreDataSampleTests.swift */,
				80A5595124EE181B00BC3CBA /* Info.plist */,
			);
			path = CoreDataSampleTests;
			sourceTree = "<group>";
		};
		80A5595924EE181B00BC3CBA /* CoreDataSampleUITests */ = {
			isa = PBXGroup;
			children = (
				80A5595A24EE181B00BC3CBA /* CoreDataSampleUITests.swift */,
				80A5595C24EE181B00BC3CBA /* Info.plist */,
			);
			path = CoreDataSampleUITests;
			sourceTree = "<group>";
		};
/* End PBXGroup section */

/* Begin PBXNativeTarget section */
		80A5593124EE181500BC3CBA /* CoreDataSample */ = {
			isa = PBXNativeTarget;
			buildConfigurationList = 80A5595F24EE181B00BC3CBA /* Build configuration list for PBXNativeTarget "CoreDataSample" */;
			buildPhases = (
				80A5592E24EE181500BC3CBA /* Sources */,
				80A5592F24EE181500BC3CBA /* Frameworks */,
				80A5593024EE181500BC3CBA /* Resources */,
			);
			buildRules = (
			);
			dependencies = (
			);
			name = CoreDataSample;
			productName = CoreDataSample;
			productReference = 80A5593224EE181500BC3CBA /* CoreDataSample.app */;
			productType = "com.apple.product-type.application";
		};
		80A5594A24EE181B00BC3CBA /* CoreDataSampleTests */ = {
			isa = PBXNativeTarget;
			buildConfigurationList = 80A5596224EE181B00BC3CBA /* Build configuration list for PBXNativeTarget "CoreDataSampleTests" */;
			buildPhases = (
				80A5594724EE181B00BC3CBA /* Sources */,
				80A5594824EE181B00BC3CBA /* Frameworks */,
				80A5594924EE181B00BC3CBA /* Resources */,
			);
			buildRules = (
			);
			dependencies = (
				80A5594D24EE181B00BC3CBA /* PBXTargetDependency */,
			);
			name = CoreDataSampleTests;
			productName = CoreDataSampleTests;
			productReference = 80A5594B24EE181B00BC3CBA /* CoreDataSampleTests.xctest */;
			productType = "com.apple.product-type.bundle.unit-test";
		};
		80A5595524EE181B00BC3CBA /* CoreDataSampleUITests */ = {
			isa = PBXNativeTarget;
			buildConfigurationList = 80A5596524EE181B00BC3CBA /* Build configuration list for PBXNativeTarget "CoreDataSampleUITests" */;
			buildPhases = (
				80A5595224EE181B00BC3CBA /* Sources */,
				80A5595324EE181B00BC3CBA /* Frameworks */,
				80A5595424EE181B00BC3CBA /* Resources */,
			);
			buildRules = (
			);
			dependencies = (
				80A5595824EE181B00BC3CBA /* PBXTargetDependency */,
			);
			name = CoreDataSampleUITests;
			productName = CoreDataSampleUITests;
			productReference = 80A5595624EE181B00BC3CBA /* CoreDataSampleUITests.xctest */;
			productType = "com.apple.product-type.bundle.ui-testing";
		};
/* End PBXNativeTarget section */

/* Begin PBXProject section */
		80A5592A24EE181500BC3CBA /* Project object */ = {
			isa = PBXProject;
			attributes = {
				LastSwiftUpdateCheck = 1160;
				LastUpgradeCheck = 1160;
				ORGANIZATIONNAME = "sudhakar krishnan";
				TargetAttributes = {
					80A5593124EE181500BC3CBA = {
						CreatedOnToolsVersion = 11.6;
					};
					80A5594A24EE181B00BC3CBA = {
						CreatedOnToolsVersion = 11.6;
						TestTargetID = 80A5593124EE181500BC3CBA;
					};
					80A5595524EE181B00BC3CBA = {
						CreatedOnToolsVersion = 11.6;
						TestTargetID = 80A5593124EE181500BC3CBA;
					};
				};
			};
			buildConfigurationList = 80A5592D24EE181500BC3CBA /* Build configuration list for PBXProject "CoreDataSample" */;
			compatibilityVersion = "Xcode 9.3";
			developmentRegion = en;
			hasScannedForEncodings = 0;
			knownRegions = (
				en,
				Base,
			);
			mainGroup = 80A5592924EE181400BC3CBA;
			productRefGroup = 80A5593324EE181500BC3CBA /* Products */;
			projectDirPath = "";
			projectRoot = "";
			targets = (
				80A5593124EE181500BC3CBA /* CoreDataSample */,
				80A5594A24EE181B00BC3CBA /* CoreDataSampleTests */,
				80A5595524EE181B00BC3CBA /* CoreDataSampleUITests */,
			);
		};
/* End PBXProject section */

/* Begin PBXResourcesBuildPhase section */
		80A5593024EE181500BC3CBA /* Resources */ = {
			isa = PBXResourcesBuildPhase;
			buildActionMask = 2147483647;
			files = (
				80A5594524EE181B00BC3CBA /* LaunchScreen.storyboard in Resources */,
				80A5594224EE181B00BC3CBA /* Assets.xcassets in Resources */,
				80A5593D24EE181500BC3CBA /* Main.storyboard in Resources */,
			);
			runOnlyForDeploymentPostprocessing = 0;
		};
		80A5594924EE181B00BC3CBA /* Resources */ = {
			isa = PBXResourcesBuildPhase;
			buildActionMask = 2147483647;
			files = (
			);
			runOnlyForDeploymentPostprocessing = 0;
		};
		80A5595424EE181B00BC3CBA /* Resources */ = {
			isa = PBXResourcesBuildPhase;
			buildActionMask = 2147483647;
			files = (
			);
			runOnlyForDeploymentPostprocessing = 0;
		};
/* End PBXResourcesBuildPhase section */

/* Begin PBXSourcesBuildPhase section */
		80A5592E24EE181500BC3CBA /* Sources */ = {
			isa = PBXSourcesBuildPhase;
			buildActionMask = 2147483647;
			files = (
				80A5594024EE181500BC3CBA /* CoreDataSample.xcdatamodeld in Sources */,
				80A5593A24EE181500BC3CBA /* ViewController.swift in Sources */,
				80A5593624EE181500BC3CBA /* AppDelegate.swift in Sources */,
				80A5593824EE181500BC3CBA /* SceneDelegate.swift in Sources */,
			);
			runOnlyForDeploymentPostprocessing = 0;
		};
		80A5594724EE181B00BC3CBA /* Sources */ = {
			isa = PBXSourcesBuildPhase;
			buildActionMask = 2147483647;
			files = (
				80A5595024EE181B00BC3CBA /* CoreDataSampleTests.swift in Sources */,
			);
			runOnlyForDeploymentPostprocessing = 0;
		};
		80A5595224EE181B00BC3CBA /* Sources */ = {
			isa = PBXSourcesBuildPhase;
			buildActionMask = 2147483647;
			files = (
				80A5595B24EE181B00BC3CBA /* CoreDataSampleUITests.swift in Sources */,
			);
			runOnlyForDeploymentPostprocessing = 0;
		};
/* End PBXSourcesBuildPhase section */

/* Begin PBXTargetDependency section */
		80A5594D24EE181B00BC3CBA /* PBXTargetDependency */ = {
			isa = PBXTargetDependency;
			target = 80A5593124EE181500BC3CBA /* CoreDataSample */;
			targetProxy = 80A5594C24EE181B00BC3CBA /* PBXContainerItemProxy */;
		};
		80A5595824EE181B00BC3CBA /* PBXTargetDependency */ = {
			isa = PBXTargetDependency;
			target = 80A5593124EE181500BC3CBA /* CoreDataSample */;
			targetProxy = 80A5595724EE181B00BC3CBA /* PBXContainerItemProxy */;
		};
/* End PBXTargetDependency section */

/* Begin PBXVariantGroup section */
		80A5593B24EE181500BC3CBA /* Main.storyboard */ = {
			isa = PBXVariantGroup;
			children = (
				80A5593C24EE181500BC3CBA /* Base */,
			);
			name = Main.storyboard;
			sourceTree = "<group>";
		};
		80A5594324EE181B00BC3CBA /* LaunchScreen.storyboard */ = {
			isa = PBXVariantGroup;
			children = (
				80A5594424EE181B00BC3CBA /* Base */,
			);
			name = LaunchScreen.storyboard;
			sourceTree = "<group>";
		};
/* End PBXVariantGroup section */

/* Begin XCBuildConfiguration section */
		80A5595D24EE181B00BC3CBA /* Debug */ = {
			isa = XCBuildConfiguration;
			buildSettings = {
				ALWAYS_SEARCH_USER_PATHS = NO;
				CLANG_ANALYZER_NONNULL = YES;
				CLANG_ANALYZER_NUMBER_OBJECT_CONVERSION = YES_AGGRESSIVE;
				CLANG_CXX_LANGUAGE_STANDARD = "gnu++14";
				CLANG_CXX_LIBRARY = "libc++";
				CLANG_ENABLE_MODULES = YES;
				CLANG_ENABLE_OBJC_ARC = YES;
				CLANG_ENABLE_OBJC_WEAK = YES;
				CLANG_WARN_BLOCK_CAPTURE_AUTORELEASING = YES;
				CLANG_WARN_BOOL_CONVERSION = YES;
				CLANG_WARN_COMMA = YES;
				CLANG_WARN_CONSTANT_CONVERSION = YES;
				CLANG_WARN_DEPRECATED_OBJC_IMPLEMENTATIONS = YES;
				CLANG_WARN_DIRECT_OBJC_ISA_USAGE = YES_ERROR;
				CLANG_WARN_DOCUMENTATION_COMMENTS = YES;
				CLANG_WARN_EMPTY_BODY = YES;
				CLANG_WARN_ENUM_CONVERSION = YES;
				CLANG_WARN_INFINITE_RECURSION = YES;
				CLANG_WARN_INT_CONVERSION = YES;
				CLANG_WARN_NON_LITERAL_NULL_CONVERSION = YES;
				CLANG_WARN_OBJC_IMPLICIT_RETAIN_SELF = YES;
				CLANG_WARN_OBJC_LITERAL_CONVERSION = YES;
				CLANG_WARN_OBJC_ROOT_CLASS = YES_ERROR;
				CLANG_WARN_RANGE_LOOP_ANALYSIS = YES;
				CLANG_WARN_STRICT_PROTOTYPES = YES;
				CLANG_WARN_SUSPICIOUS_MOVE = YES;
				CLANG_WARN_UNGUARDED_AVAILABILITY = YES_AGGRESSIVE;
				CLANG_WARN_UNREACHABLE_CODE = YES;
				CLANG_WARN__DUPLICATE_METHOD_MATCH = YES;
				COPY_PHASE_STRIP = NO;
				DEBUG_INFORMATION_FORMAT = dwarf;
				ENABLE_STRICT_OBJC_MSGSEND = YES;
				ENABLE_TESTABILITY = YES;
				GCC_C_LANGUAGE_STANDARD = gnu11;
				GCC_DYNAMIC_NO_PIC = NO;
				GCC_NO_COMMON_BLOCKS = YES;
				GCC_OPTIMIZATION_LEVEL = 0;
				GCC_PREPROCESSOR_DEFINITIONS = (
					"DEBUG=1",
					"$(inherited)",
				);
				GCC_WARN_64_TO_32_BIT_CONVERSION = YES;
				GCC_WARN_ABOUT_RETURN_TYPE = YES_ERROR;
				GCC_WARN_UNDECLARED_SELECTOR = YES;
				GCC_WARN_UNINITIALIZED_AUTOS = YES_AGGRESSIVE;
				GCC_WARN_UNUSED_FUNCTION = YES;
				GCC_WARN_UNUSED_VARIABLE = YES;
				IPHONEOS_DEPLOYMENT_TARGET = 13.6;
				MTL_ENABLE_DEBUG_INFO = INCLUDE_SOURCE;
				MTL_FAST_MATH = YES;
				ONLY_ACTIVE_ARCH = YES;
				SDKROOT = iphoneos;
				SWIFT_ACTIVE_COMPILATION_CONDITIONS = DEBUG;
				SWIFT_OPTIMIZATION_LEVEL = "-Onone";
			};
			name = Debug;
		};
		80A5595E24EE181B00BC3CBA /* Release */ = {
			isa = XCBuildConfiguration;
			buildSettings = {
				ALWAYS_SEARCH_USER_PATHS = NO;
				CLANG_ANALYZER_NONNULL = YES;
				CLANG_ANALYZER_NUMBER_OBJECT_CONVERSION = YES_AGGRESSIVE;
				CLANG_CXX_LANGUAGE_STANDARD = "gnu++14";
				CLANG_CXX_LIBRARY = "libc++";
				CLANG_ENABLE_MODULES = YES;
				CLANG_ENABLE_OBJC_ARC = YES;
				CLANG_ENABLE_OBJC_WEAK = YES;
				CLANG_WARN_BLOCK_CAPTURE_AUTORELEASING = YES;
				CLANG_WARN_BOOL_CONVERSION = YES;
				CLANG_WARN_COMMA = YES;
				CLANG_WARN_CONSTANT_CONVERSION = YES;
				CLANG_WARN_DEPRECATED_OBJC_IMPLEMENTATIONS = YES;
				CLANG_WARN_DIRECT_OBJC_ISA_USAGE = YES_ERROR;
				CLANG_WARN_DOCUMENTATION_COMMENTS = YES;
				CLANG_WARN_EMPTY_BODY = YES;
				CLANG_WARN_ENUM_CONVERSION = YES;
				CLANG_WARN_INFINITE_RECURSION = YES;
				CLANG_WARN_INT_CONVERSION = YES;
				CLANG_WARN_NON_LITERAL_NULL_CONVERSION = YES;
				CLANG_WARN_OBJC_IMPLICIT_RETAIN_SELF = YES;
				CLANG_WARN_OBJC_LITERAL_CONVERSION = YES;
				CLANG_WARN_OBJC_ROOT_CLASS = YES_ERROR;
				CLANG_WARN_RANGE_LOOP_ANALYSIS = YES;
				CLANG_WARN_STRICT_PROTOTYPES = YES;
				CLANG_WARN_SUSPICIOUS_MOVE = YES;
				CLANG_WARN_UNGUARDED_AVAILABILITY = YES_AGGRESSIVE;
				CLANG_WARN_UNREACHABLE_CODE = YES;
				CLANG_WARN__DUPLICATE_METHOD_MATCH = YES;
				COPY_PHASE_STRIP = NO;
				DEBUG_INFORMATION_FORMAT = "dwarf-with-dsym";
				ENABLE_NS_ASSERTIONS = NO;
				ENABLE_STRICT_OBJC_MSGSEND = YES;
				GCC_C_LANGUAGE_STANDARD = gnu11;
				GCC_NO_COMMON_BLOCKS = YES;
				GCC_WARN_64_TO_32_BIT_CONVERSION = YES;
				GCC_WARN_ABOUT_RETURN_TYPE = YES_ERROR;
				GCC_WARN_UNDECLARED_SELECTOR = YES;
				GCC_WARN_UNINITIALIZED_AUTOS = YES_AGGRESSIVE;
				GCC_WARN_UNUSED_FUNCTION = YES;
				GCC_WARN_UNUSED_VARIABLE = YES;
				IPHONEOS_DEPLOYMENT_TARGET = 13.6;
				MTL_ENABLE_DEBUG_INFO = NO;
				MTL_FAST_MATH = YES;
				SDKROOT = iphoneos;
				SWIFT_COMPILATION_MODE = wholemodule;
				SWIFT_OPTIMIZATION_LEVEL = "-O";
				VALIDATE_PRODUCT = YES;
			};
			name = Release;
		};
		80A5596024EE181B00BC3CBA /* Debug */ = {
			isa = XCBuildConfiguration;
			buildSettings = {
				ASSETCATALOG_COMPILER_APPICON_NAME = AppIcon;
				CODE_SIGN_STYLE = Automatic;
				DEVELOPMENT_TEAM = X3EWZHY4T7;
				INFOPLIST_FILE = CoreDataSample/Info.plist;
				LD_RUNPATH_SEARCH_PATHS = (
					"$(inherited)",
					"@executable_path/Frameworks",
				);
				PRODUCT_BUNDLE_IDENTIFIER = "com.sudhakar.wirldcard.-.CoreDataSample";
				PRODUCT_NAME = "$(TARGET_NAME)";
				SWIFT_VERSION = 5.0;
				TARGETED_DEVICE_FAMILY = "1,2";
			};
			name = Debug;
		};
		80A5596124EE181B00BC3CBA /* Release */ = {
			isa = XCBuildConfiguration;
			buildSettings = {
				ASSETCATALOG_COMPILER_APPICON_NAME = AppIcon;
				CODE_SIGN_STYLE = Automatic;
				DEVELOPMENT_TEAM = X3EWZHY4T7;
				INFOPLIST_FILE = CoreDataSample/Info.plist;
				LD_RUNPATH_SEARCH_PATHS = (
					"$(inherited)",
					"@executable_path/Frameworks",
				);
				PRODUCT_BUNDLE_IDENTIFIER = "com.sudhakar.wirldcard.-.CoreDataSample";
				PRODUCT_NAME = "$(TARGET_NAME)";
				SWIFT_VERSION = 5.0;
				TARGETED_DEVICE_FAMILY = "1,2";
			};
			name = Release;
		};
		80A5596324EE181B00BC3CBA /* Debug */ = {
			isa = XCBuildConfiguration;
			buildSettings = {
				ALWAYS_EMBED_SWIFT_STANDARD_LIBRARIES = YES;
				BUNDLE_LOADER = "$(TEST_HOST)";
				CODE_SIGN_STYLE = Automatic;
				DEVELOPMENT_TEAM = X3EWZHY4T7;
				INFOPLIST_FILE = CoreDataSampleTests/Info.plist;
				IPHONEOS_DEPLOYMENT_TARGET = 13.6;
				LD_RUNPATH_SEARCH_PATHS = (
					"$(inherited)",
					"@executable_path/Frameworks",
					"@loader_path/Frameworks",
				);
				PRODUCT_BUNDLE_IDENTIFIER = "com.sudhakar.wirldcard.-.CoreDataSampleTests";
				PRODUCT_NAME = "$(TARGET_NAME)";
				SWIFT_VERSION = 5.0;
				TARGETED_DEVICE_FAMILY = "1,2";
				TEST_HOST = "$(BUILT_PRODUCTS_DIR)/CoreDataSample.app/CoreDataSample";
			};
			name = Debug;
		};
		80A5596424EE181B00BC3CBA /* Release */ = {
			isa = XCBuildConfiguration;
			buildSettings = {
				ALWAYS_EMBED_SWIFT_STANDARD_LIBRARIES = YES;
				BUNDLE_LOADER = "$(TEST_HOST)";
				CODE_SIGN_STYLE = Automatic;
				DEVELOPMENT_TEAM = X3EWZHY4T7;
				INFOPLIST_FILE = CoreDataSampleTests/Info.plist;
				IPHONEOS_DEPLOYMENT_TARGET = 13.6;
				LD_RUNPATH_SEARCH_PATHS = (
					"$(inherited)",
					"@executable_path/Frameworks",
					"@loader_path/Frameworks",
				);
				PRODUCT_BUNDLE_IDENTIFIER = "com.sudhakar.wirldcard.-.CoreDataSampleTests";
				PRODUCT_NAME = "$(TARGET_NAME)";
				SWIFT_VERSION = 5.0;
				TARGETED_DEVICE_FAMILY = "1,2";
				TEST_HOST = "$(BUILT_PRODUCTS_DIR)/CoreDataSample.app/CoreDataSample";
			};
			name = Release;
		};
		80A5596624EE181B00BC3CBA /* Debug */ = {
			isa = XCBuildConfiguration;
			buildSettings = {
				ALWAYS_EMBED_SWIFT_STANDARD_LIBRARIES = YES;
				CODE_SIGN_STYLE = Automatic;
				DEVELOPMENT_TEAM = X3EWZHY4T7;
				INFOPLIST_FILE = CoreDataSampleUITests/Info.plist;
				LD_RUNPATH_SEARCH_PATHS = (
					"$(inherited)",
					"@executable_path/Frameworks",
					"@loader_path/Frameworks",
				);
				PRODUCT_BUNDLE_IDENTIFIER = "com.sudhakar.wirldcard.-.CoreDataSampleUITests";
				PRODUCT_NAME = "$(TARGET_NAME)";
				SWIFT_VERSION = 5.0;
				TARGETED_DEVICE_FAMILY = "1,2";
				TEST_TARGET_NAME = CoreDataSample;
			};
			name = Debug;
		};
		80A5596724EE181B00BC3CBA /* Release */ = {
			isa = XCBuildConfiguration;
			buildSettings = {
				ALWAYS_EMBED_SWIFT_STANDARD_LIBRARIES = YES;
				CODE_SIGN_STYLE = Automatic;
				DEVELOPMENT_TEAM = X3EWZHY4T7;
				INFOPLIST_FILE = CoreDataSampleUITests/Info.plist;
				LD_RUNPATH_SEARCH_PATHS = (
					"$(inherited)",
					"@executable_path/Frameworks",
					"@loader_path/Frameworks",
				);
				PRODUCT_BUNDLE_IDENTIFIER = "com.sudhakar.wirldcard.-.CoreDataSampleUITests";
				PRODUCT_NAME = "$(TARGET_NAME)";
				SWIFT_VERSION = 5.0;
				TARGETED_DEVICE_FAMILY = "1,2";
				TEST_TARGET_NAME = CoreDataSample;
			};
			name = Release;
		};
/* End XCBuildConfiguration section */

/* Begin XCConfigurationList section */
		80A5592D24EE181500BC3CBA /* Build configuration list for PBXProject "CoreDataSample" */ = {
			isa = XCConfigurationList;
			buildConfigurations = (
				80A5595D24EE181B00BC3CBA /* Debug */,
				80A5595E24EE181B00BC3CBA /* Release */,
			);
			defaultConfigurationIsVisible = 0;
			defaultConfigurationName = Release;
		};
		80A5595F24EE181B00BC3CBA /* Build configuration list for PBXNativeTarget "CoreDataSample" */ = {
			isa = XCConfigurationList;
			buildConfigurations = (
				80A5596024EE181B00BC3CBA /* Debug */,
				80A5596124EE181B00BC3CBA /* Release */,
			);
			defaultConfigurationIsVisible = 0;
			defaultConfigurationName = Release;
		};
		80A5596224EE181B00BC3CBA /* Build configuration list for PBXNativeTarget "CoreDataSampleTests" */ = {
			isa = XCConfigurationList;
			buildConfigurations = (
				80A5596324EE181B00BC3CBA /* Debug */,
				80A5596424EE181B00BC3CBA /* Release */,
			);
			defaultConfigurationIsVisible = 0;
			defaultConfigurationName = Release;
		};
		80A5596524EE181B00BC3CBA /* Build configuration list for PBXNativeTarget "CoreDataSampleUITests" */ = {
			isa = XCConfigurationList;
			buildConfigurations = (
				80A5596624EE181B00BC3CBA /* Debug */,
				80A5596724EE181B00BC3CBA /* Release */,
			);
			defaultConfigurationIsVisible = 0;
			defaultConfigurationName = Release;
		};
/* End XCConfigurationList section */

/* Begin XCVersionGroup section */
		80A5593E24EE181500BC3CBA /* CoreDataSample.xcdatamodeld */ = {
			isa = XCVersionGroup;
			children = (
				80A5593F24EE181500BC3CBA /* CoreDataSample.xcdatamodel */,
			);
			currentVersion = 80A5593F24EE181500BC3CBA /* CoreDataSample.xcdatamodel */;
			path = CoreDataSample.xcdatamodeld;
			sourceTree = "<group>";
			versionGroupType = wrapper.xcdatamodel;
		};
/* End XCVersionGroup section */
	};
	rootObject = 80A5592A24EE181500BC3CBA /* Project object */;
}
